{
    "name": "myapp",
    "version": "0.0.0",
    "lockfileVersion": 1,
    "dependencies": {
        "accepts": {
            "version": "https://registry.npmjs.org/accepts/-/accepts-1.3.4.tgz",
            "integrity": "sha1-hiRnWMfdbSGmR0/whKR0DsBesh8="
        },
        "append-field": {
            "version": "0.1.0",
            "resolved": "https://registry.npmjs.org/append-field/-/append-field-0.1.0.tgz",
            "integrity": "sha1-bdxY+gg8e8VF08WZWygwzCNm1Eo="
        },
        "array-flatten": {
            "version": "https://registry.npmjs.org/array-flatten/-/array-flatten-1.1.1.tgz",
            "integrity": "sha1-ml9pkFGx5wczKPKgCJaLZOopVdI="
        },
        "array-parallel": {
            "version": "0.1.3",
            "resolved": "https://registry.npmjs.org/array-parallel/-/array-parallel-0.1.3.tgz",
            "integrity": "sha1-j3hTCJJu1apHjEfmTRszS2wMlH0="
        },
        "array-series": {
            "version": "0.1.5",
            "resolved": "https://registry.npmjs.org/array-series/-/array-series-0.1.5.tgz",
            "integrity": "sha1-3103v8XC7wdV4qpPkv6ufUtaly8="
        },
        "async": {
            "version": "https://registry.npmjs.org/async/-/async-2.1.4.tgz",
            "integrity": "sha1-LSFgx3iAMuTdbL4lAvH5osj2zeQ="
        },
        "base64url": {
            "version": "https://registry.npmjs.org/base64url/-/base64url-2.0.0.tgz",
            "integrity": "sha1-6sFuA+oUOO/5Qj1puqNiYu0fcLs="
        },
        "basic-auth": {
            "version": "https://registry.npmjs.org/basic-auth/-/basic-auth-2.0.0.tgz",
            "integrity": "sha1-AV2z81PgLlY3d1X5YnQuiYHnu7o="
        },
        "bluebird": {
            "version": "https://registry.npmjs.org/bluebird/-/bluebird-3.5.0.tgz",
            "integrity": "sha1-eRQg1/VR7qKJdFOop3ZT+WYG1nw="
        },
        "body-parser": {
            "version": "https://registry.npmjs.org/body-parser/-/body-parser-1.18.2.tgz",
            "integrity": "sha1-h2eKGdhLR9hZuDGZvVm84iKxBFQ="
        },
        "bson": {
            "version": "https://registry.npmjs.org/bson/-/bson-1.0.4.tgz",
            "integrity": "sha1-k8ENOeqltYQVy8QFLz5T5WKwtyw="
        },
        "buffer-equal-constant-time": {
            "version": "https://registry.npmjs.org/buffer-equal-constant-time/-/buffer-equal-constant-time-1.0.1.tgz",
            "integrity": "sha1-+OcRMvf/5uAaXJaXpMbz5I1cyBk="
        },
        "busboy": {
            "version": "0.2.14",
            "resolved": "https://registry.npmjs.org/busboy/-/busboy-0.2.14.tgz",
            "integrity": "sha1-bCpiLvz0fFe7vh4qnDetNseSVFM="
        },
        "bytes": {
            "version": "https://registry.npmjs.org/bytes/-/bytes-3.0.0.tgz",
            "integrity": "sha1-0ygVQE1olpn4Wk6k+odV3ROpYEg="
        },
        "concat-stream": {
            "version": "1.6.0",
            "resolved": "https://registry.npmjs.org/concat-stream/-/concat-stream-1.6.0.tgz",
            "integrity": "sha1-CqxmL9Ur54lk1VMvaUeE5wEQrPc=",
            "dependencies": {
                "isarray": {
                    "version": "1.0.0",
                    "resolved": "https://registry.npmjs.org/isarray/-/isarray-1.0.0.tgz",
                    "integrity": "sha1-u5NdSFgsuhaMBoNJV6VKPgcSTxE="
                },
                "readable-stream": {
                    "version": "2.3.3",
                    "resolved": "https://registry.npmjs.org/readable-stream/-/readable-stream-2.3.3.tgz",
                    "integrity": "sha512-m+qzzcn7KUxEmd1gMbchF+Y2eIUbieUaxkWtptyHywrX0rE8QEYqPC07Vuy4Wm32/xE16NcdBctb8S0Xe/5IeQ=="
                },
                "string_decoder": {
                    "version": "1.0.3",
                    "resolved": "https://registry.npmjs.org/string_decoder/-/string_decoder-1.0.3.tgz",
                    "integrity": "sha512-4AH6Z5fzNNBcH+6XDMfA/BTt87skxqJlO0lAh3Dker5zThcAxG6mKz+iGu308UKoPPQ8Dcqx/4JhujzltRa+hQ=="
                }
            }
        },
        "content-disposition": {
            "version": "https://registry.npmjs.org/content-disposition/-/content-disposition-0.5.2.tgz",
            "integrity": "sha1-DPaLud318r55YcOoUXjLhdunjLQ="
        },
        "content-type": {
            "version": "https://registry.npmjs.org/content-type/-/content-type-1.0.4.tgz",
            "integrity": "sha1-4TjMdeBAxyexlm/l5fjJruJW/js="
        },
        "cookie": {
            "version": "https://registry.npmjs.org/cookie/-/cookie-0.3.1.tgz",
            "integrity": "sha1-5+Ch+e9DtMi6klxcWpboBtFoc7s="
        },
        "cookie-parser": {
            "version": "https://registry.npmjs.org/cookie-parser/-/cookie-parser-1.4.3.tgz",
            "integrity": "sha1-D+MfoZ0AC5X0qt8fU/3CuKIDuqU="
        },
        "cookie-signature": {
            "version": "https://registry.npmjs.org/cookie-signature/-/cookie-signature-1.0.6.tgz",
            "integrity": "sha1-4wOogrNCzD7oylE6eZmXNNqzriw="
        },
        "core-util-is": {
            "version": "1.0.2",
            "resolved": "https://registry.npmjs.org/core-util-is/-/core-util-is-1.0.2.tgz",
            "integrity": "sha1-tf1UIgqivFq1eqtxQMlAdUUDwac="
        },
        "cross-spawn": {
            "version": "4.0.2",
            "resolved": "https://registry.npmjs.org/cross-spawn/-/cross-spawn-4.0.2.tgz",
            "integrity": "sha1-e5JHYhwjrf3ThWAEqCPL45dCTUE="
        },
        "debug": {
            "version": "https://registry.npmjs.org/debug/-/debug-2.6.9.tgz",
            "integrity": "sha1-XRKFFd8TT/Mn6QpMk/Tgd6U2NB8="
        },
        "depd": {
            "version": "https://registry.npmjs.org/depd/-/depd-1.1.2.tgz",
            "integrity": "sha1-m81S4UwJd2PnSbJ0xDRu0uVgtak="
        },
        "destroy": {
            "version": "https://registry.npmjs.org/destroy/-/destroy-1.0.4.tgz",
            "integrity": "sha1-l4hXRCxEdJ5CBmE+N5RiBYJqvYA="
        },
        "dicer": {
            "version": "0.2.5",
            "resolved": "https://registry.npmjs.org/dicer/-/dicer-0.2.5.tgz",
            "integrity": "sha1-WZbAhrszIYyBLAkL3cCc0S+stw8="
        },
        "ecdsa-sig-formatter": {
            "version": "https://registry.npmjs.org/ecdsa-sig-formatter/-/ecdsa-sig-formatter-1.0.9.tgz",
            "integrity": "sha1-S8kmJ07Dtau1AW5+HWCSGsJisqE="
        },
        "ee-first": {
            "version": "https://registry.npmjs.org/ee-first/-/ee-first-1.1.1.tgz",
            "integrity": "sha1-WQxhFWsK4vTwJVcyoViyZrxWsh0="
        },
        "encodeurl": {
            "version": "https://registry.npmjs.org/encodeurl/-/encodeurl-1.0.2.tgz",
            "integrity": "sha1-rT/0yG7C0CkyL1oCw6mmBslbP1k="
        },
        "escape-html": {
            "version": "https://registry.npmjs.org/escape-html/-/escape-html-1.0.3.tgz",
            "integrity": "sha1-Aljq5NPQwJdN4cFpGI7wBR0dGYg="
        },
        "etag": {
            "version": "https://registry.npmjs.org/etag/-/etag-1.8.1.tgz",
            "integrity": "sha1-Qa4u62XvpiJorr/qg6x9eSmbCIc="
        },
        "express": {
            "version": "https://registry.npmjs.org/express/-/express-4.15.5.tgz",
            "integrity": "sha1-ZwI1ypWYiQpa6BcLg9tyK4Qu2Sc=",
            "dependencies": {
                "qs": {
                    "version": "https://registry.npmjs.org/qs/-/qs-6.5.0.tgz",
                    "integrity": "sha1-jQSVTTZN7z78VbWgeT4eLIsebkk="
                },
                "statuses": {
                    "version": "https://registry.npmjs.org/statuses/-/statuses-1.3.1.tgz",
                    "integrity": "sha1-+vUbnrdKrvOzrPStX2Gr8ky3uT4="
                }
            }
        },
        "finalhandler": {
            "version": "https://registry.npmjs.org/finalhandler/-/finalhandler-1.0.6.tgz",
            "integrity": "sha1-AHrqM9Gk0+QgF/YkhIrVjSEvgU8=",
            "dependencies": {
                "statuses": {
                    "version": "https://registry.npmjs.org/statuses/-/statuses-1.3.1.tgz",
                    "integrity": "sha1-+vUbnrdKrvOzrPStX2Gr8ky3uT4="
                }
            }
        },
        "forwarded": {
            "version": "https://registry.npmjs.org/forwarded/-/forwarded-0.1.2.tgz",
            "integrity": "sha1-mMI9qxF1ZXuMBXPozszZGw/xjIQ="
        },
        "fresh": {
            "version": "https://registry.npmjs.org/fresh/-/fresh-0.5.2.tgz",
            "integrity": "sha1-PYyt2Q2XZWn6g1qx+OSyOhBWBac="
        },
        "gm": {
            "version": "1.23.1",
            "resolved": "https://registry.npmjs.org/gm/-/gm-1.23.1.tgz",
            "integrity": "sha1-Lt7rlYCE0PjqeYjl2ZWxx9/BR3c=",
            "dependencies": {
                "debug": {
                    "version": "3.1.0",
                    "resolved": "https://registry.npmjs.org/debug/-/debug-3.1.0.tgz",
                    "integrity": "sha512-OX8XqP7/1a9cqkxYw2yXss15f26NKWBpDXQd0/uK/KPqdQhxbPa994hnzjcE2VqQpDslf55723cKPUOGSmMY3g=="
                }
            }
        },
        "http-errors": {
            "version": "https://registry.npmjs.org/http-errors/-/http-errors-1.6.2.tgz",
            "integrity": "sha1-CgAsyFcHGSp+eUbO7cERVfYOxzY=",
            "dependencies": {
                "depd": {
                    "version": "https://registry.npmjs.org/depd/-/depd-1.1.1.tgz",
                    "integrity": "sha1-V4O04cRZ8G+lyif5kfPQbnoxA1k="
                }
            }
        },
        "iconv-lite": {
            "version": "https://registry.npmjs.org/iconv-lite/-/iconv-lite-0.4.19.tgz",
            "integrity": "sha1-90aPYBNfXl2tM5nAqBvpoWA6CCs="
        },
        "inherits": {
            "version": "https://registry.npmjs.org/inherits/-/inherits-2.0.3.tgz",
            "integrity": "sha1-Yzwsg+PaQqUC9SRmAiSA9CCCYd4="
        },
        "ipaddr.js": {
            "version": "https://registry.npmjs.org/ipaddr.js/-/ipaddr.js-1.4.0.tgz",
            "integrity": "sha1-KWrKh4qCGBbluF0KKFqZvP9FgvA="
        },
        "isarray": {
            "version": "0.0.1",
            "resolved": "https://registry.npmjs.org/isarray/-/isarray-0.0.1.tgz",
            "integrity": "sha1-ihis/Kmo9Bd+Cav8YDiTmwXR7t8="
        },
        "isexe": {
            "version": "2.0.0",
            "resolved": "https://registry.npmjs.org/isexe/-/isexe-2.0.0.tgz",
            "integrity": "sha1-6PvzdNxVb/iUehDcsFctYz8s+hA="
        },
        "jsonwebtoken": {
            "version": "https://registry.npmjs.org/jsonwebtoken/-/jsonwebtoken-8.1.1.tgz",
            "integrity": "sha1-sE2Lsq2Ee8kyOMPJIXD/290csuo=",
            "dependencies": {
                "ms": {
                    "version": "https://registry.npmjs.org/ms/-/ms-2.1.1.tgz",
                    "integrity": "sha1-MKWGTrPrsKZvLr5tcnrwagnYbgo="
                }
            }
        },
        "jwa": {
            "version": "https://registry.npmjs.org/jwa/-/jwa-1.1.5.tgz",
            "integrity": "sha1-oFUs4CIHQs1S4VN3SjKQXDDnVuU="
        },
        "jws": {
            "version": "https://registry.npmjs.org/jws/-/jws-3.1.4.tgz",
            "integrity": "sha1-+ei5M46KhHJ31kRLFGT2GIDgUKI="
        },
        "kareem": {
            "version": "https://registry.npmjs.org/kareem/-/kareem-2.0.3.tgz",
            "integrity": "sha1-0Fx612sEW8UMGXss0T0tHvVnEHA="
        },
        "lodash": {
            "version": "https://registry.npmjs.org/lodash/-/lodash-4.17.5.tgz",
            "integrity": "sha1-maktZcAnLevoyWtgV7yPv6O+1RE="
        },
        "lodash.get": {
            "version": "https://registry.npmjs.org/lodash.get/-/lodash.get-4.4.2.tgz",
            "integrity": "sha1-LRd/ZS+jHpObRDjVNBSZ36OCXpk="
        },
        "lodash.includes": {
            "version": "https://registry.npmjs.org/lodash.includes/-/lodash.includes-4.3.0.tgz",
            "integrity": "sha1-YLuYqHy5I8aMoeUTJUgzFISfVT8="
        },
        "lodash.isboolean": {
            "version": "https://registry.npmjs.org/lodash.isboolean/-/lodash.isboolean-3.0.3.tgz",
            "integrity": "sha1-bC4XHbKiV82WgC/UOwGyDV9YcPY="
        },
        "lodash.isinteger": {
            "version": "https://registry.npmjs.org/lodash.isinteger/-/lodash.isinteger-4.0.4.tgz",
            "integrity": "sha1-YZwK89A/iwTDH1iChAt3sRzWg0M="
        },
        "lodash.isnumber": {
            "version": "https://registry.npmjs.org/lodash.isnumber/-/lodash.isnumber-3.0.3.tgz",
            "integrity": "sha1-POdoEMWSjQM1IwGsKHMX8RwLH/w="
        },
        "lodash.isplainobject": {
            "version": "https://registry.npmjs.org/lodash.isplainobject/-/lodash.isplainobject-4.0.6.tgz",
            "integrity": "sha1-fFJqUtibRcRcxpC4gWO+BJf1UMs="
        },
        "lodash.isstring": {
            "version": "https://registry.npmjs.org/lodash.isstring/-/lodash.isstring-4.0.1.tgz",
            "integrity": "sha1-1SfftUVuynzJu5XV2ur4i6VKVFE="
        },
        "lodash.once": {
            "version": "https://registry.npmjs.org/lodash.once/-/lodash.once-4.1.1.tgz",
            "integrity": "sha1-DdOXEhPHxW34gJd9UEyI+0cal6w="
        },
        "lru-cache": {
            "version": "4.1.1",
            "resolved": "https://registry.npmjs.org/lru-cache/-/lru-cache-4.1.1.tgz",
            "integrity": "sha512-q4spe4KTfsAS1SUHLO0wz8Qiyf1+vMIAgpRYioFYDMNqKfHQbg+AVDH3i4fvpl71/P1L0dBl+fQi+P37UYf0ew=="
        },
        "media-typer": {
            "version": "https://registry.npmjs.org/media-typer/-/media-typer-0.3.0.tgz",
            "integrity": "sha1-hxDXrwqmJvj/+hzgAWhUUmMlV0g="
        },
        "merge-descriptors": {
            "version": "https://registry.npmjs.org/merge-descriptors/-/merge-descriptors-1.0.1.tgz",
            "integrity": "sha1-sAqqVW3YtEVoFQ7J0blT8/kMu2E="
        },
        "methods": {
            "version": "https://registry.npmjs.org/methods/-/methods-1.1.2.tgz",
            "integrity": "sha1-VSmk1nZUE07cxSZmVoNbD4Ua/O4="
        },
        "mime-db": {
            "version": "https://registry.npmjs.org/mime-db/-/mime-db-1.30.0.tgz",
            "integrity": "sha1-dMZD2i3Z1qRTmZY0ZbJtXKfXHwE="
        },
        "mime-types": {
            "version": "https://registry.npmjs.org/mime-types/-/mime-types-2.1.17.tgz",
            "integrity": "sha1-Cdejk/A+mVp5+K+Fe3Cp4KsWVXo="
        },
        "minimist": {
            "version": "0.0.8",
            "resolved": "https://registry.npmjs.org/minimist/-/minimist-0.0.8.tgz",
            "integrity": "sha1-hX/Kv8M5fSYluCKCYuhqp6ARsF0="
        },
        "mkdirp": {
            "version": "0.5.1",
            "resolved": "https://registry.npmjs.org/mkdirp/-/mkdirp-0.5.1.tgz",
            "integrity": "sha1-MAV0OOrGz3+MR2fzhkjWaX11yQM="
        },
        "mongodb": {
            "version": "https://registry.npmjs.org/mongodb/-/mongodb-3.0.2.tgz",
            "integrity": "sha1-KBcjAu1Ok4jYCR4sxGGAV+b13rw="
        },
        "mongodb-core": {
            "version": "https://registry.npmjs.org/mongodb-core/-/mongodb-core-3.0.2.tgz",
            "integrity": "sha1-kUiWCS3UVCfZpPmKeZegv7gdFjs="
        },
        "mongoose": {
            "version": "https://registry.npmjs.org/mongoose/-/mongoose-5.0.3.tgz",
            "integrity": "sha1-4yDGKfpE5K+6HYtKyGX5pM6n8Vc="
        },
        "mongoose-legacy-pluralize": {
            "version": "https://registry.npmjs.org/mongoose-legacy-pluralize/-/mongoose-legacy-pluralize-1.0.2.tgz",
            "integrity": "sha1-O6n5H6UHtRhtOZ+0CFS/8Y+1Y+Q="
        },
        "morgan": {
            "version": "https://registry.npmjs.org/morgan/-/morgan-1.9.0.tgz",
            "integrity": "sha1-0B+mxlhZt2/PMbPLU6OCGjEdgFE="
        },
        "mpath": {
            "version": "https://registry.npmjs.org/mpath/-/mpath-0.3.0.tgz",
            "integrity": "sha1-elj3iem1/TyUUgY0FXlg8mvV70Q="
        },
        "mquery": {
            "version": "https://registry.npmjs.org/mquery/-/mquery-3.0.0.tgz",
            "integrity": "sha1-5fOH26vAubaYWeVQ6BD6q+DOq7A=",
            "dependencies": {
                "sliced": {
                    "version": "https://registry.npmjs.org/sliced/-/sliced-0.0.5.tgz",
                    "integrity": "sha1-XtwETKTrb3gW1Qui/GPiXY/kcH8="
                }
            }
        },
        "ms": {
            "version": "https://registry.npmjs.org/ms/-/ms-2.0.0.tgz",
            "integrity": "sha1-VgiurfwAvmwpAd9fmGF4jeDVl8g="
        },
        "multer": {
            "version": "1.3.0",
            "resolved": "https://registry.npmjs.org/multer/-/multer-1.3.0.tgz",
            "integrity": "sha1-CSsmcPaEb6SRSWXvyM+Uwg/sbNI=",
            "dependencies": {
                "object-assign": {
                    "version": "3.0.0",
                    "resolved": "https://registry.npmjs.org/object-assign/-/object-assign-3.0.0.tgz",
                    "integrity": "sha1-m+3VygiXlJvKR+f/QIBi1Un1h/I="
                }
            }
        },
        "negotiator": {
            "version": "https://registry.npmjs.org/negotiator/-/negotiator-0.6.1.tgz",
            "integrity": "sha1-KzJxhOiZIQEXeyhWP7XnECrNDKk="
        },
        "on-finished": {
            "version": "https://registry.npmjs.org/on-finished/-/on-finished-2.3.0.tgz",
            "integrity": "sha1-IPEzZIGwg811M3mSoWlxqi2QaUc="
        },
        "on-headers": {
            "version": "https://registry.npmjs.org/on-headers/-/on-headers-1.0.1.tgz",
            "integrity": "sha1-ko9dD0cNSTQmUepnlLCFfBAGk/c="
        },
        "parseurl": {
            "version": "https://registry.npmjs.org/parseurl/-/parseurl-1.3.2.tgz",
            "integrity": "sha1-/CidTtiZMRlGDBViUyYs3I3mW/M="
        },
        "path": {
            "version": "0.12.7",
            "resolved": "https://registry.npmjs.org/path/-/path-0.12.7.tgz",
            "integrity": "sha1-1NwqUGxM4hl+tIHr/NWzbAFAsQ8="
        },
        "path-to-regexp": {
            "version": "https://registry.npmjs.org/path-to-regexp/-/path-to-regexp-0.1.7.tgz",
            "integrity": "sha1-32BBeABfUi8V60SQ5yR6G/qmf4w="
        },
        "process": {
            "version": "0.11.10",
            "resolved": "https://registry.npmjs.org/process/-/process-0.11.10.tgz",
            "integrity": "sha1-czIwDoQBYb2j5podHZGn1LwW8YI="
        },
        "process-nextick-args": {
            "version": "1.0.7",
            "resolved": "https://registry.npmjs.org/process-nextick-args/-/process-nextick-args-1.0.7.tgz",
            "integrity": "sha1-FQ4gt1ZZCtP5EJPyWk8q2L/zC6M="
        },
        "proxy-addr": {
            "version": "https://registry.npmjs.org/proxy-addr/-/proxy-addr-1.1.5.tgz",
            "integrity": "sha1-ccDuOxAt4/IC87ZPYI0XP8uhqRg="
        },
        "pseudomap": {
            "version": "1.0.2",
            "resolved": "https://registry.npmjs.org/pseudomap/-/pseudomap-1.0.2.tgz",
            "integrity": "sha1-8FKijacOYYkX7wqKw0wa5aaChrM="
        },
        "qs": {
            "version": "https://registry.npmjs.org/qs/-/qs-6.5.1.tgz",
            "integrity": "sha1-NJzfbu+J7EXBLX1es/wMhwNDptg="
        },
        "range-parser": {
            "version": "https://registry.npmjs.org/range-parser/-/range-parser-1.2.0.tgz",
            "integrity": "sha1-9JvmtIeJTdxA3MlKMi9hEJLgDV4="
        },
        "raw-body": {
            "version": "https://registry.npmjs.org/raw-body/-/raw-body-2.3.2.tgz",
            "integrity": "sha1-vNYMd9Prk83gBQKVw/N5OJvIj4k="
        },
        "readable-stream": {
            "version": "1.1.14",
            "resolved": "https://registry.npmjs.org/readable-stream/-/readable-stream-1.1.14.tgz",
            "integrity": "sha1-fPTFTvZI44EwhMY23SB54WbAgdk="
        },
        "regexp-clone": {
            "version": "https://registry.npmjs.org/regexp-clone/-/regexp-clone-0.0.1.tgz",
            "integrity": "sha1-p8LgmJH9vzj7sQ03b7cwA+aKxYk="
        },
        "require_optional": {
            "version": "https://registry.npmjs.org/require_optional/-/require_optional-1.0.1.tgz",
            "integrity": "sha1-TPNaQkf2TKPfjC7yCMxJSxyo/C4="
        },
        "resolve-from": {
            "version": "https://registry.npmjs.org/resolve-from/-/resolve-from-2.0.0.tgz",
            "integrity": "sha1-lICrIOlP+h2egKgEx+oUdhGWa1c="
        },
        "safe-buffer": {
            "version": "https://registry.npmjs.org/safe-buffer/-/safe-buffer-5.1.1.tgz",
            "integrity": "sha1-iTMSr2myEj3vcfV4iQAWce6yyFM="
        },
        "semver": {
            "version": "https://registry.npmjs.org/semver/-/semver-5.5.0.tgz",
            "integrity": "sha1-3Eu8emyp2Rbe5dQ1FvAJK1j3uKs="
        },
        "send": {
            "version": "https://registry.npmjs.org/send/-/send-0.15.6.tgz",
            "integrity": "sha1-IPI6nJJbdiq4JwX+L52yUqzkfjQ=",
            "dependencies": {
                "statuses": {
                    "version": "https://registry.npmjs.org/statuses/-/statuses-1.3.1.tgz",
                    "integrity": "sha1-+vUbnrdKrvOzrPStX2Gr8ky3uT4="
                }
            }
        },
        "serve-favicon": {
            "version": "https://registry.npmjs.org/serve-favicon/-/serve-favicon-2.4.5.tgz",
            "integrity": "sha1-SdmkaGMVOpJAaRyJPSsOfYXW1DY="
        },
        "serve-static": {
            "version": "https://registry.npmjs.org/serve-static/-/serve-static-1.12.6.tgz",
            "integrity": "sha1-uXN3P2NEmTTaVOW+ul4x2fQhFXc="
        },
        "setprototypeof": {
            "version": "https://registry.npmjs.org/setprototypeof/-/setprototypeof-1.0.3.tgz",
            "integrity": "sha1-ZlZ+NwQ+608E2RvWWMDL77VbjgQ="
        },
        "sliced": {
            "version": "https://registry.npmjs.org/sliced/-/sliced-1.0.1.tgz",
            "integrity": "sha1-CzpmK10Ewxd7GSa+qCsD+Dei70E="
        },
        "statuses": {
            "version": "https://registry.npmjs.org/statuses/-/statuses-1.4.0.tgz",
            "integrity": "sha1-u3PURtonlhBu/MG2AaJT1sRr0Ic="
        },
        "streamsearch": {
            "version": "0.1.2",
            "resolved": "https://registry.npmjs.org/streamsearch/-/streamsearch-0.1.2.tgz",
            "integrity": "sha1-gIudDlb8Jz2Am6VzOOkpkZoanxo="
        },
        "string_decoder": {
            "version": "0.10.31",
            "resolved": "https://registry.npmjs.org/string_decoder/-/string_decoder-0.10.31.tgz",
            "integrity": "sha1-YuIDvEF2bGwoyfyEMB2rHFMQ+pQ="
        },
        "type-is": {
            "version": "https://registry.npmjs.org/type-is/-/type-is-1.6.15.tgz",
            "integrity": "sha1-yrEPtJCeRByChC6v4a1kbIGARBA="
        },
        "typedarray": {
            "version": "0.0.6",
            "resolved": "https://registry.npmjs.org/typedarray/-/typedarray-0.0.6.tgz",
            "integrity": "sha1-hnrHTjhkGHsdPUfZlqeOxciDB3c="
        },
        "unpipe": {
            "version": "https://registry.npmjs.org/unpipe/-/unpipe-1.0.0.tgz",
            "integrity": "sha1-sr9O6FFKrmFltIF4KdIbLvSZBOw="
        },
        "util": {
            "version": "0.10.3",
            "resolved": "https://registry.npmjs.org/util/-/util-0.10.3.tgz",
            "integrity": "sha1-evsa/lCAUkZInj23/g7TeTNqwPk=",
            "dependencies": {
                "inherits": {
                    "version": "2.0.1",
                    "resolved": "https://registry.npmjs.org/inherits/-/inherits-2.0.1.tgz",
                    "integrity": "sha1-sX0I0ya0Qj5Wjv9xn5GwscvfafE="
                }
            }
        },
        "util-deprecate": {
            "version": "1.0.2",
            "resolved": "https://registry.npmjs.org/util-deprecate/-/util-deprecate-1.0.2.tgz",
            "integrity": "sha1-RQ1Nyfpw3nMnYvvS1KKJgUGaDM8="
        },
        "utils-merge": {
            "version": "https://registry.npmjs.org/utils-merge/-/utils-merge-1.0.0.tgz",
            "integrity": "sha1-ApT7kiu5N1FTVBxPcJYjHyh8ivg="
        },
        "vary": {
            "version": "https://registry.npmjs.org/vary/-/vary-1.1.2.tgz",
            "integrity": "sha1-IpnwLG3tMNSllhsLn3RSShj2NPw="
        },
        "which": {
            "version": "1.3.0",
            "resolved": "https://registry.npmjs.org/which/-/which-1.3.0.tgz",
            "integrity": "sha512-xcJpopdamTuY5duC/KnTTNBraPK54YwpenP4lzxU8H91GudWpFv38u0CKjclE1Wi2EH2EDz5LRcHcKbCIzqGyg=="
        },
        "xtend": {
            "version": "https://registry.npmjs.org/xtend/-/xtend-4.0.1.tgz",
            "integrity": "sha1-pcbVMr5lbiPbgg77lDofBJmNY68="
        },
        "yallist": {
            "version": "2.1.2",
            "resolved": "https://registry.npmjs.org/yallist/-/yallist-2.1.2.tgz",
            "integrity": "sha1-HBH5IY8HYImkfdUS+TxmmaaoHVI="
        }
    }
}
